hash: 2375ebb56a7d505734bcecabb6a3ab5f4eaaf885d120ba2fb75c2c18c5fef39e
updated: 2017-04-14T17:19:55.748440844-05:00
imports:
- name: github.com/BurntSushi/toml
  version: bbd5bb678321a0d6e58f1099321dfa73391c1b6f
- name: github.com/cupcake/rdb
  version: 43ba34106c765f2111c0dc7b74cdf8ee437411e0
  subpackages:
  - crc64
  - nopdecoder
- name: github.com/edsrzf/mmap-go
  version: 935e0e8a636ca4ba70b713f3e38a19e1b77739e8
- name: github.com/glendc/gopher-json
  version: dc4743023d0c166c1b844da8fc688e57ec65fe0b
- name: github.com/golang/snappy
  version: 553a641470496b2327abcac10b36396bd98e45c9
- name: github.com/peterh/liner
  version: bf27d3ba8e1d9899d45a457ffac16c953eb2d647
- name: github.com/siddontang/go
  version: 354e14e6c093c661abb29fd28403b3c19cff5514
  subpackages:
  - bson
  - filelock
  - hack
  - ioutil2
  - log
  - num
  - snappy
  - sync2
- name: github.com/siddontang/goredis
  version: 760763f78400635ed7b9b115511b8ed06035e908
- name: github.com/siddontang/rdb
  version: fc89ed2e418d27e3ea76e708e54276d2b44ae9cf
- name: github.com/syndtr/goleveldb
  version: cfa635847112c5dc4782e128fa7e0d05fdbfb394
  subpackages:
  - leveldb
  - leveldb/cache
  - leveldb/comparer
  - leveldb/errors
  - leveldb/filter
  - leveldb/iterator
  - leveldb/journal
  - leveldb/memdb
  - leveldb/opt
  - leveldb/storage
  - leveldb/table
  - leveldb/util
- name: github.com/ugorji/go
  version: b94837a2404ab90efe9289e77a70694c355739cb
  subpackages:
  - codec
- name: github.com/yuin/gopher-lua
  version: b402f3114ec730d8bddb074a6c137309f561aa78
  subpackages:
  - ast
  - parse
  - pm
- name: golang.org/x/net
  version: 4971afdc2f162e82d185353533d3cf16188a9f4e
  subpackages:
  - context
testImports: []
