github.com/cupcake/rdb v0.0.0-20161107195141-43ba34106c76 h1:Lgdd/Qp96Qj8jqLpq2cI1I1X7BJnu06efS+XkhRoLUQ=
github.com/cupcake/rdb v0.0.0-20161107195141-43ba34106c76/go.mod h1:vYwsqCOLxGiisLwp9rITslkFNpZD5rz43tf41QFkTWY=
github.com/edsrzf/mmap-go v0.0.0-20170320065105-0bce6a688712 h1:aaQcKT9WumO6JEJcRyTqFVq4XUZiUcKR2/GI31TOcz8=
github.com/edsrzf/mmap-go v0.0.0-20170320065105-0bce6a688712/go.mod h1:YO35OhQPt3KJa3ryjFM5Bs14WD66h8eGKpfaBNrHW5M=
github.com/glendc/gopher-json v0.0.0-20170414221815-dc4743023d0c h1:iRTj5SRYwbvsygdwVp+y9kZT145Y1s6xOPpeOEIeGc4=
github.com/glendc/gopher-json v0.0.0-20170414221815-dc4743023d0c/go.mod h1:Gja1A+xZ9BoviGJNA2E9vFkPjjsl+CoJxSXiQM1UXtw=
github.com/golang/snappy v0.0.0-20170215233205-553a64147049 h1:K9KHZbXKpGydfDN0aZrsoHpLJlZsBrGMFWbgLDGnPZk=
github.com/golang/snappy v0.0.0-20170215233205-553a64147049/go.mod h1:/XxbfmMg8lxefKM7IXC3fBNl/7bRcc72aCRzEWrmP2Q=
github.com/pelletier/go-toml v1.0.1 h1:0nx4vKBl23+hEaCOV1mFhKS9vhhBtFYWC7rQY0vJAyE=
github.com/pelletier/go-toml v1.0.1/go.mod h1:5z9KED0ma1S8pY6P1sdut58dfprrGBbd/94hg7ilaic=
github.com/peterh/liner v1.0.1-0.20171122030339-3681c2a91233 h1:jmJndGFBPjNWW+MAYarU/Nl8QrQVzbw4B/AYE0LzETo=
github.com/peterh/liner v1.0.1-0.20171122030339-3681c2a91233/go.mod h1:xIteQHvHuaLYG9IFj6mSxM0fCKrs34IrEQUhOYuGPHc=
github.com/siddontang/go v0.0.0-20170517070808-cb568a3e5cc0 h1:QIF48X1cihydXibm+4wfAc0r/qyPyuFiPFRNphdMpEE=
github.com/siddontang/go v0.0.0-20170517070808-cb568a3e5cc0/go.mod h1:3yhqj7WBBfRhbBlzyOC3gUxftwsU0u8gqevxwIHQpMw=
github.com/siddontang/goredis v0.0.0-20150324035039-760763f78400 h1:091wFNQB3PXcL5+me0joH7EiyqQaI0wGMpEjVCkK04U=
github.com/siddontang/goredis v0.0.0-20150324035039-760763f78400/go.mod h1:DDcKzU3qCuvj/tPnimWSsZZzvk9qvkvrIL5naVBPh5s=
github.com/siddontang/rdb v0.0.0-20150307021120-fc89ed2e418d h1:NVwnfyR3rENtlz62bcrkXME3INVUa4lcdGt+opvxExs=
github.com/siddontang/rdb v0.0.0-20150307021120-fc89ed2e418d/go.mod h1:AMEsy7v5z92TR1JKMkLLoaOQk++LVnOKL3ScbJ8GNGA=
github.com/syndtr/goleveldb v0.0.0-20160425020131-cfa635847112 h1:NBrpnvz0pDPf3+HXZ1C9GcJd1DTpWDLcLWZhNq6uP7o=
github.com/syndtr/goleveldb v0.0.0-20160425020131-cfa635847112/go.mod h1:Z4AUp2Km+PwemOoO/VB5AOx9XSsIItzFjoJlOSiYmn0=
github.com/ugorji/go v0.0.0-20171122102828-84cb69a8af83 h1:9AUN7+NK4IV+A11igqjQM5i8obiOAQo4SXgjaxe+orI=
github.com/ugorji/go v0.0.0-20171122102828-84cb69a8af83/go.mod h1:hnLbHMwcvSihnDhEfx2/BzKp2xb0Y+ErdfYcrs9tkJQ=
github.com/yuin/gopher-lua v0.0.0-20171031051903-609c9cd26973 h1:iCnkJ/qjKZGdZnlcj1N55AxPDan814kpc3s1cDpQKd8=
github.com/yuin/gopher-lua v0.0.0-20171031051903-609c9cd26973/go.mod h1:aEV29XrmTYFr3CiRxZeGHpkvbwq+prZduBqMaascyCU=
golang.org/x/net v0.0.0-20171122214705-fb018015d54f h1:E5cTpPKXHYnkO4oEcTZmYQFlY++/Bd/5jAqNSBjw2r4=
golang.org/x/net v0.0.0-20171122214705-fb018015d54f/go.mod h1:mL1N/T3taQHkDXs73rZJwtUhF3w3ftmwwsq0BUmARs4=
