# This file is autogenerated, do not edit; changes may be undone by the next 'dep ensure'.


[[projects]]
  branch = "master"
  name = "github.com/cupcake/rdb"
  packages = [".","crc64","nopdecoder"]
  revision = "43ba34106c765f2111c0dc7b74cdf8ee437411e0"

[[projects]]
  branch = "master"
  name = "github.com/edsrzf/mmap-go"
  packages = ["."]
  revision = "0bce6a6887123b67a60366d2c9fe2dfb74289d2e"

[[projects]]
  name = "github.com/glendc/gopher-json"
  packages = ["."]
  revision = "dc4743023d0c166c1b844da8fc688e57ec65fe0b"
  version = "0.1.0"

[[projects]]
  branch = "master"
  name = "github.com/golang/snappy"
  packages = ["."]
  revision = "553a641470496b2327abcac10b36396bd98e45c9"

[[projects]]
  name = "github.com/pelletier/go-toml"
  packages = ["."]
  revision = "16398bac157da96aa88f98a2df640c7f32af1da2"
  version = "v1.0.1"

[[projects]]
  branch = "master"
  name = "github.com/peterh/liner"
  packages = ["."]
  revision = "3681c2a912330352991ecdd642f257efe5b85518"

[[projects]]
  branch = "master"
  name = "github.com/siddontang/go"
  packages = ["bson","filelock","hack","ioutil2","log","num","snappy","sync2"]
  revision = "cb568a3e5cc06256f91a2da5a87455f717eb33f4"

[[projects]]
  branch = "master"
  name = "github.com/siddontang/goredis"
  packages = ["."]
  revision = "760763f78400635ed7b9b115511b8ed06035e908"

[[projects]]
  branch = "master"
  name = "github.com/siddontang/rdb"
  packages = ["."]
  revision = "fc89ed2e418d27e3ea76e708e54276d2b44ae9cf"

[[projects]]
  name = "github.com/syndtr/goleveldb"
  packages = ["leveldb","leveldb/cache","leveldb/comparer","leveldb/errors","leveldb/filter","leveldb/iterator","leveldb/journal","leveldb/memdb","leveldb/opt","leveldb/storage","leveldb/table","leveldb/util"]
  revision = "cfa635847112c5dc4782e128fa7e0d05fdbfb394"

[[projects]]
  branch = "master"
  name = "github.com/ugorji/go"
  packages = ["codec"]
  revision = "84cb69a8af8316eed8cf4a3c9368a56977850062"

[[projects]]
  branch = "master"
  name = "github.com/yuin/gopher-lua"
  packages = [".","ast","parse","pm"]
  revision = "609c9cd2697344dec90fe0543c6493e3b8da3435"

[[projects]]
  branch = "master"
  name = "golang.org/x/net"
  packages = ["context"]
  revision = "fb018015d54fd2e3bfd5362a041991d350fde9d7"

[solve-meta]
  analyzer-name = "dep"
  analyzer-version = 1
  inputs-digest = "f11307c5e37b6809e5ced4d0ed85e2c52d7d6ee04c098c3644518596b62c7280"
  solver-name = "gps-cdcl"
  solver-version = 1
